// !$*UTF8*$!
{
	archiveVersion = 1;
	classes = {
	};
	objectVersion = 55;
	objects = {

/* Begin PBXBuildFile section */
		034081EC0587943E2399AE59 /* Pods_SportEvents.framework in Frameworks */ = {isa = PBXBuildFile; fileRef = 163F9B5A1B2C62FBDF566150 /* Pods_SportEvents.framework */; };
		380DBAEB57D35C60C44FE8CE /* Pods_SportEventsTests.framework in Frameworks */ = {isa = PBXBuildFile; fileRef = 8DF6901EDD0F0C77B499DCCC /* Pods_SportEventsTests.framework */; };
		CBC8F1E21AA790236C9C46E0 /* Pods_SportEvents_SportEventsUITests.framework in Frameworks */ = {isa = PBXBuildFile; fileRef = 3B96B06E9452F3BF7558D2CC /* Pods_SportEvents_SportEventsUITests.framework */; };
		F5021F2D273ADC0F0039D18D /* SportEventsApp.swift in Sources */ = {isa = PBXBuildFile; fileRef = F5021F2C273ADC0F0039D18D /* SportEventsApp.swift */; };
		F5021F2F273ADC0F0039D18D /* EventsView.swift in Sources */ = {isa = PBXBuildFile; fileRef = F5021F2E273ADC0F0039D18D /* EventsView.swift */; };
		F5021F31273ADC100039D18D /* Assets.xcassets in Resources */ = {isa = PBXBuildFile; fileRef = F5021F30273ADC100039D18D /* Assets.xcassets */; };
		F5021F34273ADC100039D18D /* Preview Assets.xcassets in Resources */ = {isa = PBXBuildFile; fileRef = F5021F33273ADC100039D18D /* Preview Assets.xcassets */; };
		F5021F3E273ADC100039D18D /* SportEventsTests.swift in Sources */ = {isa = PBXBuildFile; fileRef = F5021F3D273ADC100039D18D /* SportEventsTests.swift */; };
		F5021F48273ADC100039D18D /* SportEventsUITests.swift in Sources */ = {isa = PBXBuildFile; fileRef = F5021F47273ADC100039D18D /* SportEventsUITests.swift */; };
		F5021F4A273ADC100039D18D /* SportEventsUITestsLaunchTests.swift in Sources */ = {isa = PBXBuildFile; fileRef = F5021F49273ADC100039D18D /* SportEventsUITestsLaunchTests.swift */; };
		F544BBF7273AE1D3008D22E4 /* Event.json in Resources */ = {isa = PBXBuildFile; fileRef = F544BBF6273AE1D3008D22E4 /* Event.json */; };
		F544BBFA273AE2D3008D22E4 /* EventDto.swift in Sources */ = {isa = PBXBuildFile; fileRef = F544BBF9273AE2D3008D22E4 /* EventDto.swift */; };
		F544BBFE273AF43B008D22E4 /* EventsService.swift in Sources */ = {isa = PBXBuildFile; fileRef = F544BBFD273AF43B008D22E4 /* EventsService.swift */; };
/* End PBXBuildFile section */

/* Begin PBXContainerItemProxy section */
		F5021F3A273ADC100039D18D /* PBXContainerItemProxy */ = {
			isa = PBXContainerItemProxy;
			containerPortal = F5021F21273ADC0F0039D18D /* Project object */;
			proxyType = 1;
			remoteGlobalIDString = F5021F28273ADC0F0039D18D;
			remoteInfo = SportEvents;
		};
		F5021F44273ADC100039D18D /* PBXContainerItemProxy */ = {
			isa = PBXContainerItemProxy;
			containerPortal = F5021F21273ADC0F0039D18D /* Project object */;
			proxyType = 1;
			remoteGlobalIDString = F5021F28273ADC0F0039D18D;
			remoteInfo = SportEvents;
		};
/* End PBXContainerItemProxy section */

/* Begin PBXFileReference section */
		163F9B5A1B2C62FBDF566150 /* Pods_SportEvents.framework */ = {isa = PBXFileReference; explicitFileType = wrapper.framework; includeInIndex = 0; path = Pods_SportEvents.framework; sourceTree = BUILT_PRODUCTS_DIR; };
		3B96B06E9452F3BF7558D2CC /* Pods_SportEvents_SportEventsUITests.framework */ = {isa = PBXFileReference; explicitFileType = wrapper.framework; includeInIndex = 0; path = Pods_SportEvents_SportEventsUITests.framework; sourceTree = BUILT_PRODUCTS_DIR; };
		458E73258C62FD1E1BC13E5D /* Pods-SportEventsTests.debug.xcconfig */ = {isa = PBXFileReference; includeInIndex = 1; lastKnownFileType = text.xcconfig; name = "Pods-SportEventsTests.debug.xcconfig"; path = "Target Support Files/Pods-SportEventsTests/Pods-SportEventsTests.debug.xcconfig"; sourceTree = "<group>"; };
		4606450F04C0C0D9DB704950 /* Pods-SportEvents-SportEventsUITests.release.xcconfig */ = {isa = PBXFileReference; includeInIndex = 1; lastKnownFileType = text.xcconfig; name = "Pods-SportEvents-SportEventsUITests.release.xcconfig"; path = "Target Support Files/Pods-SportEvents-SportEventsUITests/Pods-SportEvents-SportEventsUITests.release.xcconfig"; sourceTree = "<group>"; };
		54957C4243B6783364568195 /* Pods-SportEvents.debug.xcconfig */ = {isa = PBXFileReference; includeInIndex = 1; lastKnownFileType = text.xcconfig; name = "Pods-SportEvents.debug.xcconfig"; path = "Target Support Files/Pods-SportEvents/Pods-SportEvents.debug.xcconfig"; sourceTree = "<group>"; };
		5C58793CBC779B8758D7CEF2 /* Pods-SportEventsTests.release.xcconfig */ = {isa = PBXFileReference; includeInIndex = 1; lastKnownFileType = text.xcconfig; name = "Pods-SportEventsTests.release.xcconfig"; path = "Target Support Files/Pods-SportEventsTests/Pods-SportEventsTests.release.xcconfig"; sourceTree = "<group>"; };
		8DF6901EDD0F0C77B499DCCC /* Pods_SportEventsTests.framework */ = {isa = PBXFileReference; explicitFileType = wrapper.framework; includeInIndex = 0; path = Pods_SportEventsTests.framework; sourceTree = BUILT_PRODUCTS_DIR; };
		BC06668B9ED2B2F26ECBF536 /* Pods-SportEvents-SportEventsUITests.debug.xcconfig */ = {isa = PBXFileReference; includeInIndex = 1; lastKnownFileType = text.xcconfig; name = "Pods-SportEvents-SportEventsUITests.debug.xcconfig"; path = "Target Support Files/Pods-SportEvents-SportEventsUITests/Pods-SportEvents-SportEventsUITests.debug.xcconfig"; sourceTree = "<group>"; };
		C4D5DA7393332C6BFF0F5CEB /* Pods-SportEvents.release.xcconfig */ = {isa = PBXFileReference; includeInIndex = 1; lastKnownFileType = text.xcconfig; name = "Pods-SportEvents.release.xcconfig"; path = "Target Support Files/Pods-SportEvents/Pods-SportEvents.release.xcconfig"; sourceTree = "<group>"; };
		F5021F29273ADC0F0039D18D /* SportEvents.app */ = {isa = PBXFileReference; explicitFileType = wrapper.application; includeInIndex = 0; path = SportEvents.app; sourceTree = BUILT_PRODUCTS_DIR; };
		F5021F2C273ADC0F0039D18D /* SportEventsApp.swift */ = {isa = PBXFileReference; lastKnownFileType = sourcecode.swift; path = SportEventsApp.swift; sourceTree = "<group>"; };
		F5021F2E273ADC0F0039D18D /* EventsView.swift */ = {isa = PBXFileReference; lastKnownFileType = sourcecode.swift; path = EventsView.swift; sourceTree = "<group>"; };
		F5021F30273ADC100039D18D /* Assets.xcassets */ = {isa = PBXFileReference; lastKnownFileType = folder.assetcatalog; path = Assets.xcassets; sourceTree = "<group>"; };
		F5021F33273ADC100039D18D /* Preview Assets.xcassets */ = {isa = PBXFileReference; lastKnownFileType = folder.assetcatalog; path = "Preview Assets.xcassets"; sourceTree = "<group>"; };
		F5021F39273ADC100039D18D /* SportEventsTests.xctest */ = {isa = PBXFileReference; explicitFileType = wrapper.cfbundle; includeInIndex = 0; path = SportEventsTests.xctest; sourceTree = BUILT_PRODUCTS_DIR; };
		F5021F3D273ADC100039D18D /* SportEventsTests.swift */ = {isa = PBXFileReference; lastKnownFileType = sourcecode.swift; path = SportEventsTests.swift; sourceTree = "<group>"; };
		F5021F43273ADC100039D18D /* SportEventsUITests.xctest */ = {isa = PBXFileReference; explicitFileType = wrapper.cfbundle; includeInIndex = 0; path = SportEventsUITests.xctest; sourceTree = BUILT_PRODUCTS_DIR; };
		F5021F47273ADC100039D18D /* SportEventsUITests.swift */ = {isa = PBXFileReference; lastKnownFileType = sourcecode.swift; path = SportEventsUITests.swift; sourceTree = "<group>"; };
		F5021F49273ADC100039D18D /* SportEventsUITestsLaunchTests.swift */ = {isa = PBXFileReference; lastKnownFileType = sourcecode.swift; path = SportEventsUITestsLaunchTests.swift; sourceTree = "<group>"; };
		F544BBF6273AE1D3008D22E4 /* Event.json */ = {isa = PBXFileReference; fileEncoding = 4; lastKnownFileType = text.json; path = Event.json; sourceTree = "<group>"; };
		F544BBF9273AE2D3008D22E4 /* EventDto.swift */ = {isa = PBXFileReference; lastKnownFileType = sourcecode.swift; path = EventDto.swift; sourceTree = "<group>"; };
		F544BBFD273AF43B008D22E4 /* EventsService.swift */ = {isa = PBXFileReference; lastKnownFileType = sourcecode.swift; path = EventsService.swift; sourceTree = "<group>"; };
/* End PBXFileReference section */

/* Begin PBXFrameworksBuildPhase section */
		F5021F26273ADC0F0039D18D /* Frameworks */ = {
			isa = PBXFrameworksBuildPhase;
			buildActionMask = 2147483647;
			files = (
				034081EC0587943E2399AE59 /* Pods_SportEvents.framework in Frameworks */,
			);
			runOnlyForDeploymentPostprocessing = 0;
		};
		F5021F36273ADC100039D18D /* Frameworks */ = {
			isa = PBXFrameworksBuildPhase;
			buildActionMask = 2147483647;
			files = (
				380DBAEB57D35C60C44FE8CE /* Pods_SportEventsTests.framework in Frameworks */,
			);
			runOnlyForDeploymentPostprocessing = 0;
		};
		F5021F40273ADC100039D18D /* Frameworks */ = {
			isa = PBXFrameworksBuildPhase;
			buildActionMask = 2147483647;
			files = (
				CBC8F1E21AA790236C9C46E0 /* Pods_SportEvents_SportEventsUITests.framework in Frameworks */,
			);
			runOnlyForDeploymentPostprocessing = 0;
		};
/* End PBXFrameworksBuildPhase section */

/* Begin PBXGroup section */
		55080D2FEB97B5E46FD654F3 /* Frameworks */ = {
			isa = PBXGroup;
			children = (
				163F9B5A1B2C62FBDF566150 /* Pods_SportEvents.framework */,
				3B96B06E9452F3BF7558D2CC /* Pods_SportEvents_SportEventsUITests.framework */,
				8DF6901EDD0F0C77B499DCCC /* Pods_SportEventsTests.framework */,
			);
			name = Frameworks;
			sourceTree = "<group>";
		};
		F0FA97F7ACD37D9793AEFFB4 /* Pods */ = {
			isa = PBXGroup;
			children = (
				54957C4243B6783364568195 /* Pods-SportEvents.debug.xcconfig */,
				C4D5DA7393332C6BFF0F5CEB /* Pods-SportEvents.release.xcconfig */,
				BC06668B9ED2B2F26ECBF536 /* Pods-SportEvents-SportEventsUITests.debug.xcconfig */,
				4606450F04C0C0D9DB704950 /* Pods-SportEvents-SportEventsUITests.release.xcconfig */,
				458E73258C62FD1E1BC13E5D /* Pods-SportEventsTests.debug.xcconfig */,
				5C58793CBC779B8758D7CEF2 /* Pods-SportEventsTests.release.xcconfig */,
			);
			path = Pods;
			sourceTree = "<group>";
		};
		F5021F20273ADC0F0039D18D = {
			isa = PBXGroup;
			children = (
				F5021F2B273ADC0F0039D18D /* SportEvents */,
				F5021F3C273ADC100039D18D /* SportEventsTests */,
				F5021F46273ADC100039D18D /* SportEventsUITests */,
				F5021F2A273ADC0F0039D18D /* Products */,
				F0FA97F7ACD37D9793AEFFB4 /* Pods */,
				55080D2FEB97B5E46FD654F3 /* Frameworks */,
			);
			sourceTree = "<group>";
		};
		F5021F2A273ADC0F0039D18D /* Products */ = {
			isa = PBXGroup;
			children = (
				F5021F29273ADC0F0039D18D /* SportEvents.app */,
				F5021F39273ADC100039D18D /* SportEventsTests.xctest */,
				F5021F43273ADC100039D18D /* SportEventsUITests.xctest */,
			);
			name = Products;
			sourceTree = "<group>";
		};
		F5021F2B273ADC0F0039D18D /* SportEvents */ = {
			isa = PBXGroup;
			children = (
				F5021F2C273ADC0F0039D18D /* SportEventsApp.swift */,
				F5021F2E273ADC0F0039D18D /* EventsView.swift */,
				F544BBFD273AF43B008D22E4 /* EventsService.swift */,
				F544BBF8273AE29F008D22E4 /* DTO */,
				F544BBF5273AE17E008D22E4 /* Resources */,
				F5021F32273ADC100039D18D /* Preview Content */,
			);
			path = SportEvents;
			sourceTree = "<group>";
		};
		F5021F32273ADC100039D18D /* Preview Content */ = {
			isa = PBXGroup;
			children = (
				F5021F33273ADC100039D18D /* Preview Assets.xcassets */,
			);
			path = "Preview Content";
			sourceTree = "<group>";
		};
		F5021F3C273ADC100039D18D /* SportEventsTests */ = {
			isa = PBXGroup;
			children = (
				F5021F3D273ADC100039D18D /* SportEventsTests.swift */,
			);
			path = SportEventsTests;
			sourceTree = "<group>";
		};
		F5021F46273ADC100039D18D /* SportEventsUITests */ = {
			isa = PBXGroup;
			children = (
				F5021F47273ADC100039D18D /* SportEventsUITests.swift */,
				F5021F49273ADC100039D18D /* SportEventsUITestsLaunchTests.swift */,
			);
			path = SportEventsUITests;
			sourceTree = "<group>";
		};
		F544BBF5273AE17E008D22E4 /* Resources */ = {
			isa = PBXGroup;
			children = (
				F544BBF6273AE1D3008D22E4 /* Event.json */,
				F5021F30273ADC100039D18D /* Assets.xcassets */,
			);
			path = Resources;
			sourceTree = "<group>";
		};
		F544BBF8273AE29F008D22E4 /* DTO */ = {
			isa = PBXGroup;
			children = (
				F544BBF9273AE2D3008D22E4 /* EventDto.swift */,
			);
			path = DTO;
			sourceTree = "<group>";
		};
/* End PBXGroup section */

/* Begin PBXNativeTarget section */
		F5021F28273ADC0F0039D18D /* SportEvents */ = {
			isa = PBXNativeTarget;
			buildConfigurationList = F5021F4D273ADC100039D18D /* Build configuration list for PBXNativeTarget "SportEvents" */;
			buildPhases = (
				0D0D648ACA3A3EEC00E378F4 /* [CP] Check Pods Manifest.lock */,
				F5021F25273ADC0F0039D18D /* Sources */,
				F5021F26273ADC0F0039D18D /* Frameworks */,
				F5021F27273ADC0F0039D18D /* Resources */,
				36A44401B4E93FFF9D39942D /* [CP] Embed Pods Frameworks */,
			);
			buildRules = (
			);
			dependencies = (
			);
			name = SportEvents;
			productName = SportEvents;
			productReference = F5021F29273ADC0F0039D18D /* SportEvents.app */;
			productType = "com.apple.product-type.application";
		};
		F5021F38273ADC100039D18D /* SportEventsTests */ = {
			isa = PBXNativeTarget;
			buildConfigurationList = F5021F50273ADC100039D18D /* Build configuration list for PBXNativeTarget "SportEventsTests" */;
			buildPhases = (
				BE82D9DD01567B17B7F25128 /* [CP] Check Pods Manifest.lock */,
				F5021F35273ADC100039D18D /* Sources */,
				F5021F36273ADC100039D18D /* Frameworks */,
				F5021F37273ADC100039D18D /* Resources */,
			);
			buildRules = (
			);
			dependencies = (
				F5021F3B273ADC100039D18D /* PBXTargetDependency */,
			);
			name = SportEventsTests;
			productName = SportEventsTests;
			productReference = F5021F39273ADC100039D18D /* SportEventsTests.xctest */;
			productType = "com.apple.product-type.bundle.unit-test";
		};
		F5021F42273ADC100039D18D /* SportEventsUITests */ = {
			isa = PBXNativeTarget;
			buildConfigurationList = F5021F53273ADC100039D18D /* Build configuration list for PBXNativeTarget "SportEventsUITests" */;
			buildPhases = (
				F3D79CE20C4D27E2209642AC /* [CP] Check Pods Manifest.lock */,
				F5021F3F273ADC100039D18D /* Sources */,
				F5021F40273ADC100039D18D /* Frameworks */,
				F5021F41273ADC100039D18D /* Resources */,
				E8F1DAF3DFE79AF0F0C62F50 /* [CP] Embed Pods Frameworks */,
			);
			buildRules = (
			);
			dependencies = (
				F5021F45273ADC100039D18D /* PBXTargetDependency */,
			);
			name = SportEventsUITests;
			productName = SportEventsUITests;
			productReference = F5021F43273ADC100039D18D /* SportEventsUITests.xctest */;
			productType = "com.apple.product-type.bundle.ui-testing";
		};
/* End PBXNativeTarget section */

/* Begin PBXProject section */
		F5021F21273ADC0F0039D18D /* Project object */ = {
			isa = PBXProject;
			attributes = {
				BuildIndependentTargetsInParallel = 1;
				LastSwiftUpdateCheck = 1300;
				LastUpgradeCheck = 1300;
				TargetAttributes = {
					F5021F28273ADC0F0039D18D = {
						CreatedOnToolsVersion = 13.0;
					};
					F5021F38273ADC100039D18D = {
						CreatedOnToolsVersion = 13.0;
						TestTargetID = F5021F28273ADC0F0039D18D;
					};
					F5021F42273ADC100039D18D = {
						CreatedOnToolsVersion = 13.0;
						TestTargetID = F5021F28273ADC0F0039D18D;
					};
				};
			};
			buildConfigurationList = F5021F24273ADC0F0039D18D /* Build configuration list for PBXProject "SportEvents" */;
			compatibilityVersion = "Xcode 13.0";
			developmentRegion = en;
			hasScannedForEncodings = 0;
			knownRegions = (
				en,
				Base,
			);
			mainGroup = F5021F20273ADC0F0039D18D;
			productRefGroup = F5021F2A273ADC0F0039D18D /* Products */;
			projectDirPath = "";
			projectRoot = "";
			targets = (
				F5021F28273ADC0F0039D18D /* SportEvents */,
				F5021F38273ADC100039D18D /* SportEventsTests */,
				F5021F42273ADC100039D18D /* SportEventsUITests */,
			);
		};
/* End PBXProject section */

/* Begin PBXResourcesBuildPhase section */
		F5021F27273ADC0F0039D18D /* Resources */ = {
			isa = PBXResourcesBuildPhase;
			buildActionMask = 2147483647;
			files = (
				F544BBF7273AE1D3008D22E4 /* Event.json in Resources */,
				F5021F34273ADC100039D18D /* Preview Assets.xcassets in Resources */,
				F5021F31273ADC100039D18D /* Assets.xcassets in Resources */,
			);
			runOnlyForDeploymentPostprocessing = 0;
		};
		F5021F37273ADC100039D18D /* Resources */ = {
			isa = PBXResourcesBuildPhase;
			buildActionMask = 2147483647;
			files = (
			);
			runOnlyForDeploymentPostprocessing = 0;
		};
		F5021F41273ADC100039D18D /* Resources */ = {
			isa = PBXResourcesBuildPhase;
			buildActionMask = 2147483647;
			files = (
			);
			runOnlyForDeploymentPostprocessing = 0;
		};
/* End PBXResourcesBuildPhase section */

/* Begin PBXShellScriptBuildPhase section */
		0D0D648ACA3A3EEC00E378F4 /* [CP] Check Pods Manifest.lock */ = {
			isa = PBXShellScriptBuildPhase;
			buildActionMask = 2147483647;
			files = (
			);
			inputFileListPaths = (
			);
			inputPaths = (
				"${PODS_PODFILE_DIR_PATH}/Podfile.lock",
				"${PODS_ROOT}/Manifest.lock",
			);
			name = "[CP] Check Pods Manifest.lock";
			outputFileListPaths = (
			);
			outputPaths = (
				"$(DERIVED_FILE_DIR)/Pods-SportEvents-checkManifestLockResult.txt",
			);
			runOnlyForDeploymentPostprocessing = 0;
			shellPath = /bin/sh;
			shellScript = "diff \"${PODS_PODFILE_DIR_PATH}/Podfile.lock\" \"${PODS_ROOT}/Manifest.lock\" > /dev/null\nif [ $? != 0 ] ; then\n    # print error to STDERR\n    echo \"error: The sandbox is not in sync with the Podfile.lock. Run 'pod install' or update your CocoaPods installation.\" >&2\n    exit 1\nfi\n# This output is used by Xcode 'outputs' to avoid re-running this script phase.\necho \"SUCCESS\" > \"${SCRIPT_OUTPUT_FILE_0}\"\n";
			showEnvVarsInLog = 0;
		};
		36A44401B4E93FFF9D39942D /* [CP] Embed Pods Frameworks */ = {
			isa = PBXShellScriptBuildPhase;
			buildActionMask = 2147483647;
			files = (
			);
			inputFileListPaths = (
				"${PODS_ROOT}/Target Support Files/Pods-SportEvents/Pods-SportEvents-frameworks-${CONFIGURATION}-input-files.xcfilelist",
			);
			name = "[CP] Embed Pods Frameworks";
			outputFileListPaths = (
				"${PODS_ROOT}/Target Support Files/Pods-SportEvents/Pods-SportEvents-frameworks-${CONFIGURATION}-output-files.xcfilelist",
			);
			runOnlyForDeploymentPostprocessing = 0;
			shellPath = /bin/sh;
			shellScript = "\"${PODS_ROOT}/Target Support Files/Pods-SportEvents/Pods-SportEvents-frameworks.sh\"\n";
			showEnvVarsInLog = 0;
		};
		BE82D9DD01567B17B7F25128 /* [CP] Check Pods Manifest.lock */ = {
			isa = PBXShellScriptBuildPhase;
			buildActionMask = 2147483647;
			files = (
			);
			inputFileListPaths = (
			);
			inputPaths = (
				"${PODS_PODFILE_DIR_PATH}/Podfile.lock",
				"${PODS_ROOT}/Manifest.lock",
			);
			name = "[CP] Check Pods Manifest.lock";
			outputFileListPaths = (
			);
			outputPaths = (
				"$(DERIVED_FILE_DIR)/Pods-SportEventsTests-checkManifestLockResult.txt",
			);
			runOnlyForDeploymentPostprocessing = 0;
			shellPath = /bin/sh;
			shellScript = "diff \"${PODS_PODFILE_DIR_PATH}/Podfile.lock\" \"${PODS_ROOT}/Manifest.lock\" > /dev/null\nif [ $? != 0 ] ; then\n    # print error to STDERR\n    echo \"error: The sandbox is not in sync with the Podfile.lock. Run 'pod install' or update your CocoaPods installation.\" >&2\n    exit 1\nfi\n# This output is used by Xcode 'outputs' to avoid re-running this script phase.\necho \"SUCCESS\" > \"${SCRIPT_OUTPUT_FILE_0}\"\n";
			showEnvVarsInLog = 0;
		};
		E8F1DAF3DFE79AF0F0C62F50 /* [CP] Embed Pods Frameworks */ = {
			isa = PBXShellScriptBuildPhase;
			buildActionMask = 2147483647;
			files = (
			);
			inputFileListPaths = (
				"${PODS_ROOT}/Target Support Files/Pods-SportEvents-SportEventsUITests/Pods-SportEvents-SportEventsUITests-frameworks-${CONFIGURATION}-input-files.xcfilelist",
			);
			name = "[CP] Embed Pods Frameworks";
			outputFileListPaths = (
				"${PODS_ROOT}/Target Support Files/Pods-SportEvents-SportEventsUITests/Pods-SportEvents-SportEventsUITests-frameworks-${CONFIGURATION}-output-files.xcfilelist",
			);
			runOnlyForDeploymentPostprocessing = 0;
			shellPath = /bin/sh;
			shellScript = "\"${PODS_ROOT}/Target Support Files/Pods-SportEvents-SportEventsUITests/Pods-SportEvents-SportEventsUITests-frameworks.sh\"\n";
			showEnvVarsInLog = 0;
		};
		F3D79CE20C4D27E2209642AC /* [CP] Check Pods Manifest.lock */ = {
			isa = PBXShellScriptBuildPhase;
			buildActionMask = 2147483647;
			files = (
			);
			inputFileListPaths = (
			);
			inputPaths = (
				"${PODS_PODFILE_DIR_PATH}/Podfile.lock",
				"${PODS_ROOT}/Manifest.lock",
			);
			name = "[CP] Check Pods Manifest.lock";
			outputFileListPaths = (
			);
			outputPaths = (
				"$(DERIVED_FILE_DIR)/Pods-SportEvents-SportEventsUITests-checkManifestLockResult.txt",
			);
			runOnlyForDeploymentPostprocessing = 0;
			shellPath = /bin/sh;
			shellScript = "diff \"${PODS_PODFILE_DIR_PATH}/Podfile.lock\" \"${PODS_ROOT}/Manifest.lock\" > /dev/null\nif [ $? != 0 ] ; then\n    # print error to STDERR\n    echo \"error: The sandbox is not in sync with the Podfile.lock. Run 'pod install' or update your CocoaPods installation.\" >&2\n    exit 1\nfi\n# This output is used by Xcode 'outputs' to avoid re-running this script phase.\necho \"SUCCESS\" > \"${SCRIPT_OUTPUT_FILE_0}\"\n";
			showEnvVarsInLog = 0;
		};
/* End PBXShellScriptBuildPhase section */

/* Begin PBXSourcesBuildPhase section */
		F5021F25273ADC0F0039D18D /* Sources */ = {
			isa = PBXSourcesBuildPhase;
			buildActionMask = 2147483647;
			files = (
				F544BBFE273AF43B008D22E4 /* EventsService.swift in Sources */,
				F5021F2F273ADC0F0039D18D /* EventsView.swift in Sources */,
				F544BBFA273AE2D3008D22E4 /* EventDto.swift in Sources */,
				F5021F2D273ADC0F0039D18D /* SportEventsApp.swift in Sources */,
			);
			runOnlyForDeploymentPostprocessing = 0;
		};
		F5021F35273ADC100039D18D /* Sources */ = {
			isa = PBXSourcesBuildPhase;
			buildActionMask = 2147483647;
			files = (
				F5021F3E273ADC100039D18D /* SportEventsTests.swift in Sources */,
			);
			runOnlyForDeploymentPostprocessing = 0;
		};
		F5021F3F273ADC100039D18D /* Sources */ = {
			isa = PBXSourcesBuildPhase;
			buildActionMask = 2147483647;
			files = (
				F5021F4A273ADC100039D18D /* SportEventsUITestsLaunchTests.swift in Sources */,
				F5021F48273ADC100039D18D /* SportEventsUITests.swift in Sources */,
			);
			runOnlyForDeploymentPostprocessing = 0;
		};
/* End PBXSourcesBuildPhase section */

/* Begin PBXTargetDependency section */
		F5021F3B273ADC100039D18D /* PBXTargetDependency */ = {
			isa = PBXTargetDependency;
			target = F5021F28273ADC0F0039D18D /* SportEvents */;
			targetProxy = F5021F3A273ADC100039D18D /* PBXContainerItemProxy */;
		};
		F5021F45273ADC100039D18D /* PBXTargetDependency */ = {
			isa = PBXTargetDependency;
			target = F5021F28273ADC0F0039D18D /* SportEvents */;
			targetProxy = F5021F44273ADC100039D18D /* PBXContainerItemProxy */;
		};
/* End PBXTargetDependency section */

/* Begin XCBuildConfiguration section */
		F5021F4B273ADC100039D18D /* Debug */ = {
			isa = XCBuildConfiguration;
			buildSettings = {
				ALWAYS_SEARCH_USER_PATHS = NO;
				CLANG_ANALYZER_NONNULL = YES;
				CLANG_ANALYZER_NUMBER_OBJECT_CONVERSION = YES_AGGRESSIVE;
				CLANG_CXX_LANGUAGE_STANDARD = "gnu++17";
				CLANG_CXX_LIBRARY = "libc++";
				CLANG_ENABLE_MODULES = YES;
				CLANG_ENABLE_OBJC_ARC = YES;
				CLANG_ENABLE_OBJC_WEAK = YES;
				CLANG_WARN_BLOCK_CAPTURE_AUTORELEASING = YES;
				CLANG_WARN_BOOL_CONVERSION = YES;
				CLANG_WARN_COMMA = YES;
				CLANG_WARN_CONSTANT_CONVERSION = YES;
				CLANG_WARN_DEPRECATED_OBJC_IMPLEMENTATIONS = YES;
				CLANG_WARN_DIRECT_OBJC_ISA_USAGE = YES_ERROR;
				CLANG_WARN_DOCUMENTATION_COMMENTS = YES;
				CLANG_WARN_EMPTY_BODY = YES;
				CLANG_WARN_ENUM_CONVERSION = YES;
				CLANG_WARN_INFINITE_RECURSION = YES;
				CLANG_WARN_INT_CONVERSION = YES;
				CLANG_WARN_NON_LITERAL_NULL_CONVERSION = YES;
				CLANG_WARN_OBJC_IMPLICIT_RETAIN_SELF = YES;
				CLANG_WARN_OBJC_LITERAL_CONVERSION = YES;
				CLANG_WARN_OBJC_ROOT_CLASS = YES_ERROR;
				CLANG_WARN_QUOTED_INCLUDE_IN_FRAMEWORK_HEADER = YES;
				CLANG_WARN_RANGE_LOOP_ANALYSIS = YES;
				CLANG_WARN_STRICT_PROTOTYPES = YES;
				CLANG_WARN_SUSPICIOUS_MOVE = YES;
				CLANG_WARN_UNGUARDED_AVAILABILITY = YES_AGGRESSIVE;
				CLANG_WARN_UNREACHABLE_CODE = YES;
				CLANG_WARN__DUPLICATE_METHOD_MATCH = YES;
				COPY_PHASE_STRIP = NO;
				DEBUG_INFORMATION_FORMAT = dwarf;
				ENABLE_STRICT_OBJC_MSGSEND = YES;
				ENABLE_TESTABILITY = YES;
				GCC_C_LANGUAGE_STANDARD = gnu11;
				GCC_DYNAMIC_NO_PIC = NO;
				GCC_NO_COMMON_BLOCKS = YES;
				GCC_OPTIMIZATION_LEVEL = 0;
				GCC_PREPROCESSOR_DEFINITIONS = (
					"DEBUG=1",
					"$(inherited)",
				);
				GCC_WARN_64_TO_32_BIT_CONVERSION = YES;
				GCC_WARN_ABOUT_RETURN_TYPE = YES_ERROR;
				GCC_WARN_UNDECLARED_SELECTOR = YES;
				GCC_WARN_UNINITIALIZED_AUTOS = YES_AGGRESSIVE;
				GCC_WARN_UNUSED_FUNCTION = YES;
				GCC_WARN_UNUSED_VARIABLE = YES;
				IPHONEOS_DEPLOYMENT_TARGET = 15.0;
				MTL_ENABLE_DEBUG_INFO = INCLUDE_SOURCE;
				MTL_FAST_MATH = YES;
				ONLY_ACTIVE_ARCH = YES;
				SDKROOT = iphoneos;
				SWIFT_ACTIVE_COMPILATION_CONDITIONS = DEBUG;
				SWIFT_OPTIMIZATION_LEVEL = "-Onone";
			};
			name = Debug;
		};
		F5021F4C273ADC100039D18D /* Release */ = {
			isa = XCBuildConfiguration;
			buildSettings = {
				ALWAYS_SEARCH_USER_PATHS = NO;
				CLANG_ANALYZER_NONNULL = YES;
				CLANG_ANALYZER_NUMBER_OBJECT_CONVERSION = YES_AGGRESSIVE;
				CLANG_CXX_LANGUAGE_STANDARD = "gnu++17";
				CLANG_CXX_LIBRARY = "libc++";
				CLANG_ENABLE_MODULES = YES;
				CLANG_ENABLE_OBJC_ARC = YES;
				CLANG_ENABLE_OBJC_WEAK = YES;
				CLANG_WARN_BLOCK_CAPTURE_AUTORELEASING = YES;
				CLANG_WARN_BOOL_CONVERSION = YES;
				CLANG_WARN_COMMA = YES;
				CLANG_WARN_CONSTANT_CONVERSION = YES;
				CLANG_WARN_DEPRECATED_OBJC_IMPLEMENTATIONS = YES;
				CLANG_WARN_DIRECT_OBJC_ISA_USAGE = YES_ERROR;
				CLANG_WARN_DOCUMENTATION_COMMENTS = YES;
				CLANG_WARN_EMPTY_BODY = YES;
				CLANG_WARN_ENUM_CONVERSION = YES;
				CLANG_WARN_INFINITE_RECURSION = YES;
				CLANG_WARN_INT_CONVERSION = YES;
				CLANG_WARN_NON_LITERAL_NULL_CONVERSION = YES;
				CLANG_WARN_OBJC_IMPLICIT_RETAIN_SELF = YES;
				CLANG_WARN_OBJC_LITERAL_CONVERSION = YES;
				CLANG_WARN_OBJC_ROOT_CLASS = YES_ERROR;
				CLANG_WARN_QUOTED_INCLUDE_IN_FRAMEWORK_HEADER = YES;
				CLANG_WARN_RANGE_LOOP_ANALYSIS = YES;
				CLANG_WARN_STRICT_PROTOTYPES = YES;
				CLANG_WARN_SUSPICIOUS_MOVE = YES;
				CLANG_WARN_UNGUARDED_AVAILABILITY = YES_AGGRESSIVE;
				CLANG_WARN_UNREACHABLE_CODE = YES;
				CLANG_WARN__DUPLICATE_METHOD_MATCH = YES;
				COPY_PHASE_STRIP = NO;
				DEBUG_INFORMATION_FORMAT = "dwarf-with-dsym";
				ENABLE_NS_ASSERTIONS = NO;
				ENABLE_STRICT_OBJC_MSGSEND = YES;
				GCC_C_LANGUAGE_STANDARD = gnu11;
				GCC_NO_COMMON_BLOCKS = YES;
				GCC_WARN_64_TO_32_BIT_CONVERSION = YES;
				GCC_WARN_ABOUT_RETURN_TYPE = YES_ERROR;
				GCC_WARN_UNDECLARED_SELECTOR = YES;
				GCC_WARN_UNINITIALIZED_AUTOS = YES_AGGRESSIVE;
				GCC_WARN_UNUSED_FUNCTION = YES;
				GCC_WARN_UNUSED_VARIABLE = YES;
				IPHONEOS_DEPLOYMENT_TARGET = 15.0;
				MTL_ENABLE_DEBUG_INFO = NO;
				MTL_FAST_MATH = YES;
				SDKROOT = iphoneos;
				SWIFT_COMPILATION_MODE = wholemodule;
				SWIFT_OPTIMIZATION_LEVEL = "-O";
				VALIDATE_PRODUCT = YES;
			};
			name = Release;
		};
		F5021F4E273ADC100039D18D /* Debug */ = {
			isa = XCBuildConfiguration;
			baseConfigurationReference = 54957C4243B6783364568195 /* Pods-SportEvents.debug.xcconfig */;
			buildSettings = {
				ASSETCATALOG_COMPILER_APPICON_NAME = AppIcon;
				ASSETCATALOG_COMPILER_GLOBAL_ACCENT_COLOR_NAME = AccentColor;
				CODE_SIGN_STYLE = Automatic;
				CURRENT_PROJECT_VERSION = 1;
				DEVELOPMENT_ASSET_PATHS = "\"SportEvents/Preview Content\"";
				DEVELOPMENT_TEAM = Q2U9863B9D;
				ENABLE_PREVIEWS = YES;
				GENERATE_INFOPLIST_FILE = YES;
				INFOPLIST_KEY_UIApplicationSceneManifest_Generation = YES;
				INFOPLIST_KEY_UIApplicationSupportsIndirectInputEvents = YES;
				INFOPLIST_KEY_UILaunchScreen_Generation = YES;
				INFOPLIST_KEY_UISupportedInterfaceOrientations_iPad = "UIInterfaceOrientationPortrait UIInterfaceOrientationPortraitUpsideDown UIInterfaceOrientationLandscapeLeft UIInterfaceOrientationLandscapeRight";
				INFOPLIST_KEY_UISupportedInterfaceOrientations_iPhone = "UIInterfaceOrientationPortrait UIInterfaceOrientationLandscapeLeft UIInterfaceOrientationLandscapeRight";
				IPHONEOS_DEPLOYMENT_TARGET = 14.0;
				LD_RUNPATH_SEARCH_PATHS = (
					"$(inherited)",
					"@executable_path/Frameworks",
				);
				MARKETING_VERSION = 1.0;
				PRODUCT_BUNDLE_IDENTIFIER = "i.e.-com.remotemode.SportEvents";
				PRODUCT_NAME = "$(TARGET_NAME)";
				SWIFT_EMIT_LOC_STRINGS = YES;
				SWIFT_VERSION = 5.0;
				TARGETED_DEVICE_FAMILY = "1,2";
			};
			name = Debug;
		};
		F5021F4F273ADC100039D18D /* Release */ = {
			isa = XCBuildConfiguration;
			baseConfigurationReference = C4D5DA7393332C6BFF0F5CEB /* Pods-SportEvents.release.xcconfig */;
			buildSettings = {
				ASSETCATALOG_COMPILER_APPICON_NAME = AppIcon;
				ASSETCATALOG_COMPILER_GLOBAL_ACCENT_COLOR_NAME = AccentColor;
				CODE_SIGN_STYLE = Automatic;
				CURRENT_PROJECT_VERSION = 1;
				DEVELOPMENT_ASSET_PATHS = "\"SportEvents/Preview Content\"";
				DEVELOPMENT_TEAM = Q2U9863B9D;
				ENABLE_PREVIEWS = YES;
				GENERATE_INFOPLIST_FILE = YES;
				INFOPLIST_KEY_UIApplicationSceneManifest_Generation = YES;
				INFOPLIST_KEY_UIApplicationSupportsIndirectInputEvents = YES;
				INFOPLIST_KEY_UILaunchScreen_Generation = YES;
				INFOPLIST_KEY_UISupportedInterfaceOrientations_iPad = "UIInterfaceOrientationPortrait UIInterfaceOrientationPortraitUpsideDown UIInterfaceOrientationLandscapeLeft UIInterfaceOrientationLandscapeRight";
				INFOPLIST_KEY_UISupportedInterfaceOrientations_iPhone = "UIInterfaceOrientationPortrait UIInterfaceOrientationLandscapeLeft UIInterfaceOrientationLandscapeRight";
				IPHONEOS_DEPLOYMENT_TARGET = 14.0;
				LD_RUNPATH_SEARCH_PATHS = (
					"$(inherited)",
					"@executable_path/Frameworks",
				);
				MARKETING_VERSION = 1.0;
				PRODUCT_BUNDLE_IDENTIFIER = "i.e.-com.remotemode.SportEvents";
				PRODUCT_NAME = "$(TARGET_NAME)";
				SWIFT_EMIT_LOC_STRINGS = YES;
				SWIFT_VERSION = 5.0;
				TARGETED_DEVICE_FAMILY = "1,2";
			};
			name = Release;
		};
		F5021F51273ADC100039D18D /* Debug */ = {
			isa = XCBuildConfiguration;
			baseConfigurationReference = 458E73258C62FD1E1BC13E5D /* Pods-SportEventsTests.debug.xcconfig */;
			buildSettings = {
				ALWAYS_EMBED_SWIFT_STANDARD_LIBRARIES = YES;
				BUNDLE_LOADER = "$(TEST_HOST)";
				CODE_SIGN_STYLE = Automatic;
				CURRENT_PROJECT_VERSION = 1;
				DEVELOPMENT_TEAM = Q2U9863B9D;
				GENERATE_INFOPLIST_FILE = YES;
				IPHONEOS_DEPLOYMENT_TARGET = 14.0;
				LD_RUNPATH_SEARCH_PATHS = (
					"$(inherited)",
					"@executable_path/Frameworks",
					"@loader_path/Frameworks",
				);
				MARKETING_VERSION = 1.0;
				PRODUCT_BUNDLE_IDENTIFIER = "i.e.-com.remotemode.SportEventsTests";
				PRODUCT_NAME = "$(TARGET_NAME)";
				SWIFT_EMIT_LOC_STRINGS = NO;
				SWIFT_VERSION = 5.0;
				TARGETED_DEVICE_FAMILY = "1,2";
				TEST_HOST = "$(BUILT_PRODUCTS_DIR)/SportEvents.app/SportEvents";
			};
			name = Debug;
		};
		F5021F52273ADC100039D18D /* Release */ = {
			isa = XCBuildConfiguration;
			baseConfigurationReference = 5C58793CBC779B8758D7CEF2 /* Pods-SportEventsTests.release.xcconfig */;
			buildSettings = {
				ALWAYS_EMBED_SWIFT_STANDARD_LIBRARIES = YES;
				BUNDLE_LOADER = "$(TEST_HOST)";
				CODE_SIGN_STYLE = Automatic;
				CURRENT_PROJECT_VERSION = 1;
				DEVELOPMENT_TEAM = Q2U9863B9D;
				GENERATE_INFOPLIST_FILE = YES;
				IPHONEOS_DEPLOYMENT_TARGET = 14.0;
				LD_RUNPATH_SEARCH_PATHS = (
					"$(inherited)",
					"@executable_path/Frameworks",
					"@loader_path/Frameworks",
				);
				MARKETING_VERSION = 1.0;
				PRODUCT_BUNDLE_IDENTIFIER = "i.e.-com.remotemode.SportEventsTests";
				PRODUCT_NAME = "$(TARGET_NAME)";
				SWIFT_EMIT_LOC_STRINGS = NO;
				SWIFT_VERSION = 5.0;
				TARGETED_DEVICE_FAMILY = "1,2";
				TEST_HOST = "$(BUILT_PRODUCTS_DIR)/SportEvents.app/SportEvents";
			};
			name = Release;
		};
		F5021F54273ADC100039D18D /* Debug */ = {
			isa = XCBuildConfiguration;
			baseConfigurationReference = BC06668B9ED2B2F26ECBF536 /* Pods-SportEvents-SportEventsUITests.debug.xcconfig */;
			buildSettings = {
				ALWAYS_EMBED_SWIFT_STANDARD_LIBRARIES = YES;
				CODE_SIGN_STYLE = Automatic;
				CURRENT_PROJECT_VERSION = 1;
				DEVELOPMENT_TEAM = Q2U9863B9D;
				GENERATE_INFOPLIST_FILE = YES;
				LD_RUNPATH_SEARCH_PATHS = (
					"$(inherited)",
					"@executable_path/Frameworks",
					"@loader_path/Frameworks",
				);
				MARKETING_VERSION = 1.0;
				PRODUCT_BUNDLE_IDENTIFIER = "i.e.-com.remotemode.SportEventsUITests";
				PRODUCT_NAME = "$(TARGET_NAME)";
				SWIFT_EMIT_LOC_STRINGS = NO;
				SWIFT_VERSION = 5.0;
				TARGETED_DEVICE_FAMILY = "1,2";
				TEST_TARGET_NAME = SportEvents;
			};
			name = Debug;
		};
		F5021F55273ADC100039D18D /* Release */ = {
			isa = XCBuildConfiguration;
			baseConfigurationReference = 4606450F04C0C0D9DB704950 /* Pods-SportEvents-SportEventsUITests.release.xcconfig */;
			buildSettings = {
				ALWAYS_EMBED_SWIFT_STANDARD_LIBRARIES = YES;
				CODE_SIGN_STYLE = Automatic;
				CURRENT_PROJECT_VERSION = 1;
				DEVELOPMENT_TEAM = Q2U9863B9D;
				GENERATE_INFOPLIST_FILE = YES;
				LD_RUNPATH_SEARCH_PATHS = (
					"$(inherited)",
					"@executable_path/Frameworks",
					"@loader_path/Frameworks",
				);
				MARKETING_VERSION = 1.0;
				PRODUCT_BUNDLE_IDENTIFIER = "i.e.-com.remotemode.SportEventsUITests";
				PRODUCT_NAME = "$(TARGET_NAME)";
				SWIFT_EMIT_LOC_STRINGS = NO;
				SWIFT_VERSION = 5.0;
				TARGETED_DEVICE_FAMILY = "1,2";
				TEST_TARGET_NAME = SportEvents;
			};
			name = Release;
		};
/* End XCBuildConfiguration section */

/* Begin XCConfigurationList section */
		F5021F24273ADC0F0039D18D /* Build configuration list for PBXProject "SportEvents" */ = {
			isa = XCConfigurationList;
			buildConfigurations = (
				F5021F4B273ADC100039D18D /* Debug */,
				F5021F4C273ADC100039D18D /* Release */,
			);
			defaultConfigurationIsVisible = 0;
			defaultConfigurationName = Release;
		};
		F5021F4D273ADC100039D18D /* Build configuration list for PBXNativeTarget "SportEvents" */ = {
			isa = XCConfigurationList;
			buildConfigurations = (
				F5021F4E273ADC100039D18D /* Debug */,
				F5021F4F273ADC100039D18D /* Release */,
			);
			defaultConfigurationIsVisible = 0;
			defaultConfigurationName = Release;
		};
		F5021F50273ADC100039D18D /* Build configuration list for PBXNativeTarget "SportEventsTests" */ = {
			isa = XCConfigurationList;
			buildConfigurations = (
				F5021F51273ADC100039D18D /* Debug */,
				F5021F52273ADC100039D18D /* Release */,
			);
			defaultConfigurationIsVisible = 0;
			defaultConfigurationName = Release;
		};
		F5021F53273ADC100039D18D /* Build configuration list for PBXNativeTarget "SportEventsUITests" */ = {
			isa = XCConfigurationList;
			buildConfigurations = (
				F5021F54273ADC100039D18D /* Debug */,
				F5021F55273ADC100039D18D /* Release */,
			);
			defaultConfigurationIsVisible = 0;
			defaultConfigurationName = Release;
		};
/* End XCConfigurationList section */
	};
	rootObject = F5021F21273ADC0F0039D18D /* Project object */;
}
